// !$*UTF8*$!
{
	archiveVersion = 1;
	classes = {
	};
	objectVersion = 50;
	objects = {

/* Begin PBXBuildFile section */
		F468297420E10DB9001F906A /* AppDelegate.swift in Sources */ = {isa = PBXBuildFile; fileRef = F468297320E10DB9001F906A /* AppDelegate.swift */; };
		F468297920E10DB9001F906A /* Main.storyboard in Resources */ = {isa = PBXBuildFile; fileRef = F468297720E10DB9001F906A /* Main.storyboard */; };
		F468297B20E10DBB001F906A /* Assets.xcassets in Resources */ = {isa = PBXBuildFile; fileRef = F468297A20E10DBB001F906A /* Assets.xcassets */; };
		F468297E20E10DBB001F906A /* LaunchScreen.storyboard in Resources */ = {isa = PBXBuildFile; fileRef = F468297C20E10DBB001F906A /* LaunchScreen.storyboard */; };
		F468298620E10E36001F906A /* WeatherTableViewController.swift in Sources */ = {isa = PBXBuildFile; fileRef = F468298520E10E36001F906A /* WeatherTableViewController.swift */; };
		F468298A20E1306D001F906A /* WeatherDecodable.swift in Sources */ = {isa = PBXBuildFile; fileRef = F468298920E1306D001F906A /* WeatherDecodable.swift */; };
		F46829AC20E230FF001F906A /* NetworkController.swift in Sources */ = {isa = PBXBuildFile; fileRef = F46829AB20E230FF001F906A /* NetworkController.swift */; };
/* End PBXBuildFile section */

/* Begin PBXFileReference section */
		F468297020E10DB9001F906A /* OptusCodeChallenge.app */ = {isa = PBXFileReference; explicitFileType = wrapper.application; includeInIndex = 0; path = OptusCodeChallenge.app; sourceTree = BUILT_PRODUCTS_DIR; };
		F468297320E10DB9001F906A /* AppDelegate.swift */ = {isa = PBXFileReference; lastKnownFileType = sourcecode.swift; path = AppDelegate.swift; sourceTree = "<group>"; };
		F468297820E10DB9001F906A /* Base */ = {isa = PBXFileReference; lastKnownFileType = file.storyboard; name = Base; path = Base.lproj/Main.storyboard; sourceTree = "<group>"; };
		F468297A20E10DBB001F906A /* Assets.xcassets */ = {isa = PBXFileReference; lastKnownFileType = folder.assetcatalog; path = Assets.xcassets; sourceTree = "<group>"; };
		F468297D20E10DBB001F906A /* Base */ = {isa = PBXFileReference; lastKnownFileType = file.storyboard; name = Base; path = Base.lproj/LaunchScreen.storyboard; sourceTree = "<group>"; };
		F468297F20E10DBB001F906A /* Info.plist */ = {isa = PBXFileReference; lastKnownFileType = text.plist.xml; path = Info.plist; sourceTree = "<group>"; };
		F468298520E10E36001F906A /* WeatherTableViewController.swift */ = {isa = PBXFileReference; lastKnownFileType = sourcecode.swift; path = WeatherTableViewController.swift; sourceTree = "<group>"; };
		F468298920E1306D001F906A /* WeatherDecodable.swift */ = {isa = PBXFileReference; lastKnownFileType = sourcecode.swift; path = WeatherDecodable.swift; sourceTree = "<group>"; };
		F46829AB20E230FF001F906A /* NetworkController.swift */ = {isa = PBXFileReference; lastKnownFileType = sourcecode.swift; path = NetworkController.swift; sourceTree = "<group>"; };
/* End PBXFileReference section */

/* Begin PBXFrameworksBuildPhase section */
		F468296D20E10DB9001F906A /* Frameworks */ = {
			isa = PBXFrameworksBuildPhase;
			buildActionMask = 2147483647;
			files = (
			);
			runOnlyForDeploymentPostprocessing = 0;
		};
/* End PBXFrameworksBuildPhase section */

/* Begin PBXGroup section */
		F468296720E10DB9001F906A = {
			isa = PBXGroup;
			children = (
				F468297220E10DB9001F906A /* OptusCodeChallenge */,
				F468297120E10DB9001F906A /* Products */,
			);
			sourceTree = "<group>";
		};
		F468297120E10DB9001F906A /* Products */ = {
			isa = PBXGroup;
			children = (
				F468297020E10DB9001F906A /* OptusCodeChallenge.app */,
			);
			name = Products;
			sourceTree = "<group>";
		};
		F468297220E10DB9001F906A /* OptusCodeChallenge */ = {
			isa = PBXGroup;
			children = (
				F468297320E10DB9001F906A /* AppDelegate.swift */,
				F468298520E10E36001F906A /* WeatherTableViewController.swift */,
				F46829AB20E230FF001F906A /* NetworkController.swift */,
				F468298920E1306D001F906A /* WeatherDecodable.swift */,
				F468297720E10DB9001F906A /* Main.storyboard */,
				F468297A20E10DBB001F906A /* Assets.xcassets */,
				F468297C20E10DBB001F906A /* LaunchScreen.storyboard */,
				F468297F20E10DBB001F906A /* Info.plist */,
			);
			path = OptusCodeChallenge;
			sourceTree = "<group>";
		};
/* End PBXGroup section */

/* Begin PBXNativeTarget section */
		F468296F20E10DB9001F906A /* OptusCodeChallenge */ = {
			isa = PBXNativeTarget;
			buildConfigurationList = F468298220E10DBB001F906A /* Build configuration list for PBXNativeTarget "OptusCodeChallenge" */;
			buildPhases = (
				F468296C20E10DB9001F906A /* Sources */,
				F468296D20E10DB9001F906A /* Frameworks */,
				F468296E20E10DB9001F906A /* Resources */,
			);
			buildRules = (
			);
			dependencies = (
			);
			name = OptusCodeChallenge;
			productName = OptusCodeChallenge;
			productReference = F468297020E10DB9001F906A /* OptusCodeChallenge.app */;
			productType = "com.apple.product-type.application";
		};
/* End PBXNativeTarget section */

/* Begin PBXProject section */
		F468296820E10DB9001F906A /* Project object */ = {
			isa = PBXProject;
			attributes = {
				LastSwiftUpdateCheck = 0940;
				LastUpgradeCheck = 0940;
				ORGANIZATIONNAME = "Joey Slomowitz";
				TargetAttributes = {
					F468296F20E10DB9001F906A = {
						CreatedOnToolsVersion = 9.4.1;
					};
				};
			};
			buildConfigurationList = F468296B20E10DB9001F906A /* Build configuration list for PBXProject "OptusCodeChallenge" */;
			compatibilityVersion = "Xcode 9.3";
			developmentRegion = en;
			hasScannedForEncodings = 0;
			knownRegions = (
				en,
				Base,
			);
			mainGroup = F468296720E10DB9001F906A;
			productRefGroup = F468297120E10DB9001F906A /* Products */;
			projectDirPath = "";
			projectRoot = "";
			targets = (
				F468296F20E10DB9001F906A /* OptusCodeChallenge */,
			);
		};
/* End PBXProject section */

/* Begin PBXResourcesBuildPhase section */
		F468296E20E10DB9001F906A /* Resources */ = {
			isa = PBXResourcesBuildPhase;
			buildActionMask = 2147483647;
			files = (
				F468297E20E10DBB001F906A /* LaunchScreen.storyboard in Resources */,
				F468297B20E10DBB001F906A /* Assets.xcassets in Resources */,
				F468297920E10DB9001F906A /* Main.storyboard in Resources */,
			);
			runOnlyForDeploymentPostprocessing = 0;
		};
/* End PBXResourcesBuildPhase section */

/* Begin PBXSourcesBuildPhase section */
		F468296C20E10DB9001F906A /* Sources */ = {
			isa = PBXSourcesBuildPhase;
			buildActionMask = 2147483647;
			files = (
				F46829AC20E230FF001F906A /* NetworkController.swift in Sources */,
				F468298620E10E36001F906A /* WeatherTableViewController.swift in Sources */,
				F468298A20E1306D001F906A /* WeatherDecodable.swift in Sources */,
				F468297420E10DB9001F906A /* AppDelegate.swift in Sources */,
			);
			runOnlyForDeploymentPostprocessing = 0;
		};
/* End PBXSourcesBuildPhase section */

/* Begin PBXVariantGroup section */
		F468297720E10DB9001F906A /* Main.storyboard */ = {
			isa = PBXVariantGroup;
			children = (
				F468297820E10DB9001F906A /* Base */,
			);
			name = Main.storyboard;
			sourceTree = "<group>";
		};
		F468297C20E10DBB001F906A /* LaunchScreen.storyboard */ = {
			isa = PBXVariantGroup;
			children = (
				F468297D20E10DBB001F906A /* Base */,
			);
			name = LaunchScreen.storyboard;
			sourceTree = "<group>";
		};
/* End PBXVariantGroup section */

/* Begin XCBuildConfiguration section */
		F468298020E10DBB001F906A /* Debug */ = {
			isa = XCBuildConfiguration;
			buildSettings = {
				ALWAYS_SEARCH_USER_PATHS = NO;
				CLANG_ANALYZER_NONNULL = YES;
				CLANG_ANALYZER_NUMBER_OBJECT_CONVERSION = YES_AGGRESSIVE;
				CLANG_CXX_LANGUAGE_STANDARD = "gnu++14";
				CLANG_CXX_LIBRARY = "libc++";
				CLANG_ENABLE_MODULES = YES;
				CLANG_ENABLE_OBJC_ARC = YES;
				CLANG_ENABLE_OBJC_WEAK = YES;
				CLANG_WARN_BLOCK_CAPTURE_AUTORELEASING = YES;
				CLANG_WARN_BOOL_CONVERSION = YES;
				CLANG_WARN_COMMA = YES;
				CLANG_WARN_CONSTANT_CONVERSION = YES;
				CLANG_WARN_DEPRECATED_OBJC_IMPLEMENTATIONS = YES;
				CLANG_WARN_DIRECT_OBJC_ISA_USAGE = YES_ERROR;
				CLANG_WARN_DOCUMENTATION_COMMENTS = YES;
				CLANG_WARN_EMPTY_BODY = YES;
				CLANG_WARN_ENUM_CONVERSION = YES;
				CLANG_WARN_INFINITE_RECURSION = YES;
				CLANG_WARN_INT_CONVERSION = YES;
				CLANG_WARN_NON_LITERAL_NULL_CONVERSION = YES;
				CLANG_WARN_OBJC_IMPLICIT_RETAIN_SELF = YES;
				CLANG_WARN_OBJC_LITERAL_CONVERSION = YES;
				CLANG_WARN_OBJC_ROOT_CLASS = YES_ERROR;
				CLANG_WARN_RANGE_LOOP_ANALYSIS = YES;
				CLANG_WARN_STRICT_PROTOTYPES = YES;
				CLANG_WARN_SUSPICIOUS_MOVE = YES;
				CLANG_WARN_UNGUARDED_AVAILABILITY = YES_AGGRESSIVE;
				CLANG_WARN_UNREACHABLE_CODE = YES;
				CLANG_WARN__DUPLICATE_METHOD_MATCH = YES;
				CODE_SIGN_IDENTITY = "iPhone Developer";
				COPY_PHASE_STRIP = NO;
				DEBUG_INFORMATION_FORMAT = dwarf;
				ENABLE_STRICT_OBJC_MSGSEND = YES;
				ENABLE_TESTABILITY = YES;
				GCC_C_LANGUAGE_STANDARD = gnu11;
				GCC_DYNAMIC_NO_PIC = NO;
				GCC_NO_COMMON_BLOCKS = YES;
				GCC_OPTIMIZATION_LEVEL = 0;
				GCC_PREPROCESSOR_DEFINITIONS = (
					"DEBUG=1",
					"$(inherited)",
				);
				GCC_WARN_64_TO_32_BIT_CONVERSION = YES;
				GCC_WARN_ABOUT_RETURN_TYPE = YES_ERROR;
				GCC_WARN_UNDECLARED_SELECTOR = YES;
				GCC_WARN_UNINITIALIZED_AUTOS = YES_AGGRESSIVE;
				GCC_WARN_UNUSED_FUNCTION = YES;
				GCC_WARN_UNUSED_VARIABLE = YES;
				IPHONEOS_DEPLOYMENT_TARGET = 11.4;
				MTL_ENABLE_DEBUG_INFO = YES;
				ONLY_ACTIVE_ARCH = YES;
				SDKROOT = iphoneos;
				SWIFT_ACTIVE_COMPILATION_CONDITIONS = DEBUG;
				SWIFT_OPTIMIZATION_LEVEL = "-Onone";
			};
			name = Debug;
		};
		F468298120E10DBB001F906A /* Release */ = {
			isa = XCBuildConfiguration;
			buildSettings = {
				ALWAYS_SEARCH_USER_PATHS = NO;
				CLANG_ANALYZER_NONNULL = YES;
				CLANG_ANALYZER_NUMBER_OBJECT_CONVERSION = YES_AGGRESSIVE;
				CLANG_CXX_LANGUAGE_STANDARD = "gnu++14";
				CLANG_CXX_LIBRARY = "libc++";
				CLANG_ENABLE_MODULES = YES;
				CLANG_ENABLE_OBJC_ARC = YES;
				CLANG_ENABLE_OBJC_WEAK = YES;
				CLANG_WARN_BLOCK_CAPTURE_AUTORELEASING = YES;
				CLANG_WARN_BOOL_CONVERSION = YES;
				CLANG_WARN_COMMA = YES;
				CLANG_WARN_CONSTANT_CONVERSION = YES;
				CLANG_WARN_DEPRECATED_OBJC_IMPLEMENTATIONS = YES;
				CLANG_WARN_DIRECT_OBJC_ISA_USAGE = YES_ERROR;
				CLANG_WARN_DOCUMENTATION_COMMENTS = YES;
				CLANG_WARN_EMPTY_BODY = YES;
				CLANG_WARN_ENUM_CONVERSION = YES;
				CLANG_WARN_INFINITE_RECURSION = YES;
				CLANG_WARN_INT_CONVERSION = YES;
				CLANG_WARN_NON_LITERAL_NULL_CONVERSION = YES;
				CLANG_WARN_OBJC_IMPLICIT_RETAIN_SELF = YES;
				CLANG_WARN_OBJC_LITERAL_CONVERSION = YES;
				CLANG_WARN_OBJC_ROOT_CLASS = YES_ERROR;
				CLANG_WARN_RANGE_LOOP_ANALYSIS = YES;
				CLANG_WARN_STRICT_PROTOTYPES = YES;
				CLANG_WARN_SUSPICIOUS_MOVE = YES;
				CLANG_WARN_UNGUARDED_AVAILABILITY = YES_AGGRESSIVE;
				CLANG_WARN_UNREACHABLE_CODE = YES;
				CLANG_WARN__DUPLICATE_METHOD_MATCH = YES;
				CODE_SIGN_IDENTITY = "iPhone Developer";
				COPY_PHASE_STRIP = NO;
				DEBUG_INFORMATION_FORMAT = "dwarf-with-dsym";
				ENABLE_NS_ASSERTIONS = NO;
				ENABLE_STRICT_OBJC_MSGSEND = YES;
				GCC_C_LANGUAGE_STANDARD = gnu11;
				GCC_NO_COMMON_BLOCKS = YES;
				GCC_WARN_64_TO_32_BIT_CONVERSION = YES;
				GCC_WARN_ABOUT_RETURN_TYPE = YES_ERROR;
				GCC_WARN_UNDECLARED_SELECTOR = YES;
				GCC_WARN_UNINITIALIZED_AUTOS = YES_AGGRESSIVE;
				GCC_WARN_UNUSED_FUNCTION = YES;
				GCC_WARN_UNUSED_VARIABLE = YES;
				IPHONEOS_DEPLOYMENT_TARGET = 11.4;
				MTL_ENABLE_DEBUG_INFO = NO;
				SDKROOT = iphoneos;
				SWIFT_COMPILATION_MODE = wholemodule;
				SWIFT_OPTIMIZATION_LEVEL = "-O";
				VALIDATE_PRODUCT = YES;
			};
			name = Release;
		};
		F468298320E10DBB001F906A /* Debug */ = {
			isa = XCBuildConfiguration;
			buildSettings = {
				ASSETCATALOG_COMPILER_APPICON_NAME = AppIcon;
				CODE_SIGN_STYLE = Automatic;
				DEVELOPMENT_TEAM = UKZ48LGPG7;
				INFOPLIST_FILE = OptusCodeChallenge/Info.plist;
				LD_RUNPATH_SEARCH_PATHS = (
					"$(inherited)",
					"@executable_path/Frameworks",
				);
				PRODUCT_BUNDLE_IDENTIFIER = com.jslomowitz.OptusCodeChallenge;
				PRODUCT_NAME = "$(TARGET_NAME)";
				SWIFT_VERSION = 4.0;
				TARGETED_DEVICE_FAMILY = "1,2";
			};
			name = Debug;
		};
		F468298420E10DBB001F906A /* Release */ = {
			isa = XCBuildConfiguration;
			buildSettings = {
				ASSETCATALOG_COMPILER_APPICON_NAME = AppIcon;
				CODE_SIGN_STYLE = Automatic;
				DEVELOPMENT_TEAM = UKZ48LGPG7;
				INFOPLIST_FILE = OptusCodeChallenge/Info.plist;
				LD_RUNPATH_SEARCH_PATHS = (
					"$(inherited)",
					"@executable_path/Frameworks",
				);
				PRODUCT_BUNDLE_IDENTIFIER = com.jslomowitz.OptusCodeChallenge;
				PRODUCT_NAME = "$(TARGET_NAME)";
				SWIFT_VERSION = 4.0;
				TARGETED_DEVICE_FAMILY = "1,2";
			};
			name = Release;
		};
/* End XCBuildConfiguration section */

/* Begin XCConfigurationList section */
		F468296B20E10DB9001F906A /* Build configuration list for PBXProject "OptusCodeChallenge" */ = {
			isa = XCConfigurationList;
			buildConfigurations = (
				F468298020E10DBB001F906A /* Debug */,
				F468298120E10DBB001F906A /* Release */,
			);
			defaultConfigurationIsVisible = 0;
			defaultConfigurationName = Release;
		};
		F468298220E10DBB001F906A /* Build configuration list for PBXNativeTarget "OptusCodeChallenge" */ = {
			isa = XCConfigurationList;
			buildConfigurations = (
				F468298320E10DBB001F906A /* Debug */,
				F468298420E10DBB001F906A /* Release */,
			);
			defaultConfigurationIsVisible = 0;
			defaultConfigurationName = Release;
		};
/* End XCConfigurationList section */
	};
	rootObject = F468296820E10DB9001F906A /* Project object */;
}
